# This file is generated by running "yarn install" inside your project.
# Manual changes might be lost - proceed with caution!

__metadata:
  version: 8
  cacheKey: 10c0

"@types/node@npm:^22.7.3":
  version: 22.7.3
  resolution: "@types/node@npm:22.7.3"
  dependencies:
    undici-types: "npm:~6.19.2"
  checksum: 10c0/0e579813528b0370454337a952f43b792cd12731e10fdca0fdb627158e980c1219bba99e9048c134b6a19325d817016059afe016ccd372326c838a1b85a51574
  languageName: node
  linkType: hard

"chip8-emu@workspace:.":
  version: 0.0.0-use.local
  resolution: "chip8-emu@workspace:."
  dependencies:
    "@types/node": "npm:^22.7.3"
    prettier: "npm:^3.3.3"
    typescript: "npm:^5.6.2"
  languageName: unknown
  linkType: soft

"prettier@npm:^3.3.3":
  version: 3.3.3
  resolution: "prettier@npm:3.3.3"
  bin:
    prettier: bin/prettier.cjs
  checksum: 10c0/b85828b08e7505716324e4245549b9205c0cacb25342a030ba8885aba2039a115dbcf75a0b7ca3b37bc9d101ee61fab8113fc69ca3359f2a226f1ecc07ad2e26
  languageName: node
  linkType: hard

"typescript@npm:^5.6.2":
  version: 5.6.2
  resolution: "typescript@npm:5.6.2"
  bin:
    tsc: bin/tsc
    tsserver: bin/tsserver
  checksum: 10c0/3ed8297a8c7c56b7fec282532503d1ac795239d06e7c4966b42d4330c6cf433a170b53bcf93a130a7f14ccc5235de5560df4f1045eb7f3550b46ebed16d3c5e5
  languageName: node
  linkType: hard

"typescript@patch:typescript@npm%3A^5.6.2#optional!builtin<compat/typescript>":
  version: 5.6.2
  resolution: "typescript@patch:typescript@npm%3A5.6.2#optional!builtin<compat/typescript>::version=5.6.2&hash=379a07"
  bin:
    tsc: bin/tsc
    tsserver: bin/tsserver
  checksum: 10c0/e6c1662e4852e22fe4bbdca471dca3e3edc74f6f1df043135c44a18a7902037023ccb0abdfb754595ca9028df8920f2f8492c00fc3cbb4309079aae8b7de71cd
  languageName: node
  linkType: hard

"undici-types@npm:~6.19.2":
  version: 6.19.8
  resolution: "undici-types@npm:6.19.8"
  checksum: 10c0/078afa5990fba110f6824823ace86073b4638f1d5112ee26e790155f481f2a868cc3e0615505b6f4282bdf74a3d8caad715fd809e870c2bb0704e3ea6082f344
  languageName: node
  linkType: hard
